// !$*UTF8*$!
{
	archiveVersion = 1;
	classes = {
	};
	objectVersion = 55;
	objects = {

/* Begin PBXBuildFile section */
		09F254E51DF323AB210EBC1A /* Pods_iWord.framework in Frameworks */ = {isa = PBXBuildFile; fileRef = 2DB3E5DD7BED42FA18B6A747 /* Pods_iWord.framework */; };
		8D10D051293F82E30097916B /* Logger.swift in Sources */ = {isa = PBXBuildFile; fileRef = 8D10D050293F82E20097916B /* Logger.swift */; };
		8D10D054293F91A30097916B /* FolderTableViewCell.swift in Sources */ = {isa = PBXBuildFile; fileRef = 8D10D053293F91A30097916B /* FolderTableViewCell.swift */; };
		8D10D057293FA9D70097916B /* RootFolderCellInfo.swift in Sources */ = {isa = PBXBuildFile; fileRef = 8D10D056293FA9D70097916B /* RootFolderCellInfo.swift */; };
		8D29A96F2953488300EBF0F1 /* LexicalUnitContainerImp.swift in Sources */ = {isa = PBXBuildFile; fileRef = 8D29A96E2953488300EBF0F1 /* LexicalUnitContainerImp.swift */; };
		8D2E005A2940E3B2001EF42C /* AlertWithTextSubject.swift in Sources */ = {isa = PBXBuildFile; fileRef = 8D2E00592940E3B2001EF42C /* AlertWithTextSubject.swift */; };
		8D5DD2F42934FA0100C7A114 /* AppDelegate.swift in Sources */ = {isa = PBXBuildFile; fileRef = 8D5DD2F32934FA0100C7A114 /* AppDelegate.swift */; };
		8D5DD2F62934FA0100C7A114 /* SceneDelegate.swift in Sources */ = {isa = PBXBuildFile; fileRef = 8D5DD2F52934FA0100C7A114 /* SceneDelegate.swift */; };
		8D5DD2F82934FA0100C7A114 /* RootFoldersViewControllerImp.swift in Sources */ = {isa = PBXBuildFile; fileRef = 8D5DD2F72934FA0100C7A114 /* RootFoldersViewControllerImp.swift */; };
		8D5DD2FD2934FA0200C7A114 /* Assets.xcassets in Resources */ = {isa = PBXBuildFile; fileRef = 8D5DD2FC2934FA0200C7A114 /* Assets.xcassets */; };
		8D5DD3002934FA0200C7A114 /* LaunchScreen.storyboard in Resources */ = {isa = PBXBuildFile; fileRef = 8D5DD2FE2934FA0200C7A114 /* LaunchScreen.storyboard */; };
		8D70A1BB293C610A000AAC24 /* RootRouter.swift in Sources */ = {isa = PBXBuildFile; fileRef = 8D70A1BA293C610A000AAC24 /* RootRouter.swift */; };
		8D70A1BD293C62A9000AAC24 /* RootViewModel.swift in Sources */ = {isa = PBXBuildFile; fileRef = 8D70A1BC293C62A9000AAC24 /* RootViewModel.swift */; };
		8D70A1BF293C6382000AAC24 /* RootScreenComponent.swift in Sources */ = {isa = PBXBuildFile; fileRef = 8D70A1BE293C6382000AAC24 /* RootScreenComponent.swift */; };
		8DA550B52936468A00490835 /* RootComponent.swift in Sources */ = {isa = PBXBuildFile; fileRef = 8DA550B42936468A00490835 /* RootComponent.swift */; };
		8DA550BB29364A7000490835 /* Needle.generated.swift in Sources */ = {isa = PBXBuildFile; fileRef = 8DA550BA29364A7000490835 /* Needle.generated.swift */; };
		8DAF4EA22950A41500C066AA /* CommonView.swift in Sources */ = {isa = PBXBuildFile; fileRef = 8DAF4EA12950A41500C066AA /* CommonView.swift */; };
		8DAF4EA52950AC9D00C066AA /* FolderContainer.swift in Sources */ = {isa = PBXBuildFile; fileRef = 8DAF4EA42950AC9D00C066AA /* FolderContainer.swift */; };
		8DB22C2229422DD900F629E4 /* RootFoldersView.swift in Sources */ = {isa = PBXBuildFile; fileRef = 8DB22C2129422DD900F629E4 /* RootFoldersView.swift */; };
/* End PBXBuildFile section */

/* Begin PBXFileReference section */
		2DB3E5DD7BED42FA18B6A747 /* Pods_iWord.framework */ = {isa = PBXFileReference; explicitFileType = wrapper.framework; includeInIndex = 0; path = Pods_iWord.framework; sourceTree = BUILT_PRODUCTS_DIR; };
		8D10D050293F82E20097916B /* Logger.swift */ = {isa = PBXFileReference; lastKnownFileType = sourcecode.swift; path = Logger.swift; sourceTree = "<group>"; };
		8D10D053293F91A30097916B /* FolderTableViewCell.swift */ = {isa = PBXFileReference; lastKnownFileType = sourcecode.swift; path = FolderTableViewCell.swift; sourceTree = "<group>"; };
		8D10D056293FA9D70097916B /* RootFolderCellInfo.swift */ = {isa = PBXFileReference; lastKnownFileType = sourcecode.swift; path = RootFolderCellInfo.swift; sourceTree = "<group>"; };
		8D29A96E2953488300EBF0F1 /* LexicalUnitContainerImp.swift */ = {isa = PBXFileReference; lastKnownFileType = sourcecode.swift; path = LexicalUnitContainerImp.swift; sourceTree = "<group>"; };
		8D2E00592940E3B2001EF42C /* AlertWithTextSubject.swift */ = {isa = PBXFileReference; lastKnownFileType = sourcecode.swift; path = AlertWithTextSubject.swift; sourceTree = "<group>"; };
		8D5DD2F02934FA0100C7A114 /* iWord.app */ = {isa = PBXFileReference; explicitFileType = wrapper.application; includeInIndex = 0; path = iWord.app; sourceTree = BUILT_PRODUCTS_DIR; };
		8D5DD2F32934FA0100C7A114 /* AppDelegate.swift */ = {isa = PBXFileReference; lastKnownFileType = sourcecode.swift; path = AppDelegate.swift; sourceTree = "<group>"; };
		8D5DD2F52934FA0100C7A114 /* SceneDelegate.swift */ = {isa = PBXFileReference; lastKnownFileType = sourcecode.swift; path = SceneDelegate.swift; sourceTree = "<group>"; };
		8D5DD2F72934FA0100C7A114 /* RootFoldersViewControllerImp.swift */ = {isa = PBXFileReference; lastKnownFileType = sourcecode.swift; path = RootFoldersViewControllerImp.swift; sourceTree = "<group>"; };
		8D5DD2FC2934FA0200C7A114 /* Assets.xcassets */ = {isa = PBXFileReference; lastKnownFileType = folder.assetcatalog; path = Assets.xcassets; sourceTree = "<group>"; };
		8D5DD2FF2934FA0200C7A114 /* Base */ = {isa = PBXFileReference; lastKnownFileType = file.storyboard; name = Base; path = Base.lproj/LaunchScreen.storyboard; sourceTree = "<group>"; };
		8D5DD3012934FA0200C7A114 /* Info.plist */ = {isa = PBXFileReference; lastKnownFileType = text.plist.xml; path = Info.plist; sourceTree = "<group>"; };
		8D70A1BA293C610A000AAC24 /* RootRouter.swift */ = {isa = PBXFileReference; lastKnownFileType = sourcecode.swift; path = RootRouter.swift; sourceTree = "<group>"; };
		8D70A1BC293C62A9000AAC24 /* RootViewModel.swift */ = {isa = PBXFileReference; lastKnownFileType = sourcecode.swift; path = RootViewModel.swift; sourceTree = "<group>"; };
		8D70A1BE293C6382000AAC24 /* RootScreenComponent.swift */ = {isa = PBXFileReference; lastKnownFileType = sourcecode.swift; path = RootScreenComponent.swift; sourceTree = "<group>"; };
		8DA550B42936468A00490835 /* RootComponent.swift */ = {isa = PBXFileReference; lastKnownFileType = sourcecode.swift; path = RootComponent.swift; sourceTree = "<group>"; };
		8DA550BA29364A7000490835 /* Needle.generated.swift */ = {isa = PBXFileReference; lastKnownFileType = sourcecode.swift; path = Needle.generated.swift; sourceTree = "<group>"; };
		8DAF4EA12950A41500C066AA /* CommonView.swift */ = {isa = PBXFileReference; lastKnownFileType = sourcecode.swift; path = CommonView.swift; sourceTree = "<group>"; };
		8DAF4EA42950AC9D00C066AA /* FolderContainer.swift */ = {isa = PBXFileReference; lastKnownFileType = sourcecode.swift; path = FolderContainer.swift; sourceTree = "<group>"; };
		8DB22C2129422DD900F629E4 /* RootFoldersView.swift */ = {isa = PBXFileReference; lastKnownFileType = sourcecode.swift; path = RootFoldersView.swift; sourceTree = "<group>"; };
		B2556DF9D39502BE77250C55 /* Pods-iWord.release.xcconfig */ = {isa = PBXFileReference; includeInIndex = 1; lastKnownFileType = text.xcconfig; name = "Pods-iWord.release.xcconfig"; path = "Target Support Files/Pods-iWord/Pods-iWord.release.xcconfig"; sourceTree = "<group>"; };
		C10CF98F55C9DC816049E3D9 /* Pods-iWord.debug.xcconfig */ = {isa = PBXFileReference; includeInIndex = 1; lastKnownFileType = text.xcconfig; name = "Pods-iWord.debug.xcconfig"; path = "Target Support Files/Pods-iWord/Pods-iWord.debug.xcconfig"; sourceTree = "<group>"; };
/* End PBXFileReference section */

/* Begin PBXFrameworksBuildPhase section */
		8D5DD2ED2934FA0100C7A114 /* Frameworks */ = {
			isa = PBXFrameworksBuildPhase;
			buildActionMask = 2147483647;
			files = (
				09F254E51DF323AB210EBC1A /* Pods_iWord.framework in Frameworks */,
			);
			runOnlyForDeploymentPostprocessing = 0;
		};
/* End PBXFrameworksBuildPhase section */

/* Begin PBXGroup section */
		04B78A641B699994E06D35B1 /* Pods */ = {
			isa = PBXGroup;
			children = (
				C10CF98F55C9DC816049E3D9 /* Pods-iWord.debug.xcconfig */,
				B2556DF9D39502BE77250C55 /* Pods-iWord.release.xcconfig */,
			);
			path = Pods;
			sourceTree = "<group>";
		};
		52554627F01AB984555AB59C /* Frameworks */ = {
			isa = PBXGroup;
			children = (
				2DB3E5DD7BED42FA18B6A747 /* Pods_iWord.framework */,
			);
			name = Frameworks;
			sourceTree = "<group>";
		};
		8D10D052293F83030097916B /* Common */ = {
			isa = PBXGroup;
			children = (
				8D10D050293F82E20097916B /* Logger.swift */,
				8D2E00592940E3B2001EF42C /* AlertWithTextSubject.swift */,
			);
			path = Common;
			sourceTree = "<group>";
		};
		8D10D055293FA9C40097916B /* Models */ = {
			isa = PBXGroup;
			children = (
				8D10D056293FA9D70097916B /* RootFolderCellInfo.swift */,
			);
			path = Models;
			sourceTree = "<group>";
		};
		8D5DD2E72934FA0100C7A114 = {
			isa = PBXGroup;
			children = (
				8D5DD2F22934FA0100C7A114 /* iWord */,
				8D5DD2F12934FA0100C7A114 /* Products */,
				04B78A641B699994E06D35B1 /* Pods */,
				52554627F01AB984555AB59C /* Frameworks */,
			);
			sourceTree = "<group>";
		};
		8D5DD2F12934FA0100C7A114 /* Products */ = {
			isa = PBXGroup;
			children = (
				8D5DD2F02934FA0100C7A114 /* iWord.app */,
			);
			name = Products;
			sourceTree = "<group>";
		};
		8D5DD2F22934FA0100C7A114 /* iWord */ = {
			isa = PBXGroup;
			children = (
				8DA550B42936468A00490835 /* RootComponent.swift */,
				8DAF4EA32950AC6B00C066AA /* DictionaryContainer */,
				8D10D052293F83030097916B /* Common */,
				8DA550B7293649AF00490835 /* Generated */,
				8D5DD3072934FC8900C7A114 /* SupportingFiles */,
				8D70A162293903BE000AAC24 /* Screens */,
				8D5DD2FE2934FA0200C7A114 /* LaunchScreen.storyboard */,
				8D5DD2FC2934FA0200C7A114 /* Assets.xcassets */,
				8D5DD3012934FA0200C7A114 /* Info.plist */,
			);
			path = iWord;
			sourceTree = "<group>";
		};
		8D5DD3072934FC8900C7A114 /* SupportingFiles */ = {
			isa = PBXGroup;
			children = (
				8D5DD2F32934FA0100C7A114 /* AppDelegate.swift */,
				8D5DD2F52934FA0100C7A114 /* SceneDelegate.swift */,
			);
			path = SupportingFiles;
			sourceTree = "<group>";
		};
		8D70A162293903BE000AAC24 /* Screens */ = {
			isa = PBXGroup;
			children = (
				8DAF4EA02950A2DC00C066AA /* CommonSubviews */,
				8D70A163293903D4000AAC24 /* RootScreen */,
			);
			path = Screens;
			sourceTree = "<group>";
		};
		8D70A163293903D4000AAC24 /* RootScreen */ = {
			isa = PBXGroup;
			children = (
				8D10D055293FA9C40097916B /* Models */,
				8D70A1C0293C6B2C000AAC24 /* Subviews */,
				8D5DD2F72934FA0100C7A114 /* RootFoldersViewControllerImp.swift */,
				8D70A1BA293C610A000AAC24 /* RootRouter.swift */,
				8D70A1BC293C62A9000AAC24 /* RootViewModel.swift */,
				8D70A1BE293C6382000AAC24 /* RootScreenComponent.swift */,
			);
			path = RootScreen;
			sourceTree = "<group>";
		};
		8D70A1C0293C6B2C000AAC24 /* Subviews */ = {
			isa = PBXGroup;
			children = (
				8DB22C2129422DD900F629E4 /* RootFoldersView.swift */,
				8D10D053293F91A30097916B /* FolderTableViewCell.swift */,
			);
			path = Subviews;
			sourceTree = "<group>";
		};
		8DA550B7293649AF00490835 /* Generated */ = {
			isa = PBXGroup;
			children = (
				8DA550BA29364A7000490835 /* Needle.generated.swift */,
			);
			path = Generated;
			sourceTree = "<group>";
		};
		8DAF4EA02950A2DC00C066AA /* CommonSubviews */ = {
			isa = PBXGroup;
			children = (
				8DAF4EA12950A41500C066AA /* CommonView.swift */,
			);
			path = CommonSubviews;
			sourceTree = "<group>";
		};
		8DAF4EA32950AC6B00C066AA /* DictionaryContainer */ = {
			isa = PBXGroup;
			children = (
				8DAF4EA42950AC9D00C066AA /* FolderContainer.swift */,
				8D29A96E2953488300EBF0F1 /* LexicalUnitContainerImp.swift */,
			);
			path = DictionaryContainer;
			sourceTree = "<group>";
		};
/* End PBXGroup section */

/* Begin PBXNativeTarget section */
		8D5DD2EF2934FA0100C7A114 /* iWord */ = {
			isa = PBXNativeTarget;
			buildConfigurationList = 8D5DD3042934FA0200C7A114 /* Build configuration list for PBXNativeTarget "iWord" */;
			buildPhases = (
				9824004B20752655607FE33C /* [CP] Check Pods Manifest.lock */,
				8DA550B62936494800490835 /* Uber Needle */,
				8D5DD2EC2934FA0100C7A114 /* Sources */,
				8D5DD2ED2934FA0100C7A114 /* Frameworks */,
				8D5DD2EE2934FA0100C7A114 /* Resources */,
				37C3F0FC58D3A384D4756150 /* [CP] Embed Pods Frameworks */,
			);
			buildRules = (
			);
			dependencies = (
			);
			name = iWord;
			productName = iWord;
			productReference = 8D5DD2F02934FA0100C7A114 /* iWord.app */;
			productType = "com.apple.product-type.application";
		};
/* End PBXNativeTarget section */

/* Begin PBXProject section */
		8D5DD2E82934FA0100C7A114 /* Project object */ = {
			isa = PBXProject;
			attributes = {
				BuildIndependentTargetsInParallel = 1;
				LastSwiftUpdateCheck = 1340;
				LastUpgradeCheck = 1340;
				TargetAttributes = {
					8D5DD2EF2934FA0100C7A114 = {
						CreatedOnToolsVersion = 13.4.1;
					};
				};
			};
			buildConfigurationList = 8D5DD2EB2934FA0100C7A114 /* Build configuration list for PBXProject "iWord" */;
			compatibilityVersion = "Xcode 13.0";
			developmentRegion = en;
			hasScannedForEncodings = 0;
			knownRegions = (
				en,
				Base,
			);
			mainGroup = 8D5DD2E72934FA0100C7A114;
			productRefGroup = 8D5DD2F12934FA0100C7A114 /* Products */;
			projectDirPath = "";
			projectRoot = "";
			targets = (
				8D5DD2EF2934FA0100C7A114 /* iWord */,
			);
		};
/* End PBXProject section */

/* Begin PBXResourcesBuildPhase section */
		8D5DD2EE2934FA0100C7A114 /* Resources */ = {
			isa = PBXResourcesBuildPhase;
			buildActionMask = 2147483647;
			files = (
				8D5DD3002934FA0200C7A114 /* LaunchScreen.storyboard in Resources */,
				8D5DD2FD2934FA0200C7A114 /* Assets.xcassets in Resources */,
			);
			runOnlyForDeploymentPostprocessing = 0;
		};
/* End PBXResourcesBuildPhase section */

/* Begin PBXShellScriptBuildPhase section */
		37C3F0FC58D3A384D4756150 /* [CP] Embed Pods Frameworks */ = {
			isa = PBXShellScriptBuildPhase;
			buildActionMask = 2147483647;
			files = (
			);
			inputFileListPaths = (
				"${PODS_ROOT}/Target Support Files/Pods-iWord/Pods-iWord-frameworks-${CONFIGURATION}-input-files.xcfilelist",
			);
			name = "[CP] Embed Pods Frameworks";
			outputFileListPaths = (
				"${PODS_ROOT}/Target Support Files/Pods-iWord/Pods-iWord-frameworks-${CONFIGURATION}-output-files.xcfilelist",
			);
			runOnlyForDeploymentPostprocessing = 0;
			shellPath = /bin/sh;
			shellScript = "\"${PODS_ROOT}/Target Support Files/Pods-iWord/Pods-iWord-frameworks.sh\"\n";
			showEnvVarsInLog = 0;
		};
		8DA550B62936494800490835 /* Uber Needle */ = {
			isa = PBXShellScriptBuildPhase;
			alwaysOutOfDate = 1;
			buildActionMask = 2147483647;
			files = (
			);
			inputFileListPaths = (
			);
			inputPaths = (
			);
			name = "Uber Needle";
			outputFileListPaths = (
			);
			outputPaths = (
				$SRCROOT/iWord/Generated/Needle.generated.swift,
			);
			runOnlyForDeploymentPostprocessing = 0;
			shellPath = /bin/sh;
			shellScript = "export PATH=\"$PATH:/opt/homebrew/bin\"\n\nif which needle; then\n    SOURCEKIT_LOGGING=0 && needle generate iWord/Generated/Needle.generated.swift iWord/\nelse\n  echo \"warning: Needle not installed, download from https://github.com/uber/needle using Homebrew\"\nfi\n";
		};
		9824004B20752655607FE33C /* [CP] Check Pods Manifest.lock */ = {
			isa = PBXShellScriptBuildPhase;
			buildActionMask = 2147483647;
			files = (
			);
			inputFileListPaths = (
			);
			inputPaths = (
				"${PODS_PODFILE_DIR_PATH}/Podfile.lock",
				"${PODS_ROOT}/Manifest.lock",
			);
			name = "[CP] Check Pods Manifest.lock";
			outputFileListPaths = (
			);
			outputPaths = (
				"$(DERIVED_FILE_DIR)/Pods-iWord-checkManifestLockResult.txt",
			);
			runOnlyForDeploymentPostprocessing = 0;
			shellPath = /bin/sh;
			shellScript = "diff \"${PODS_PODFILE_DIR_PATH}/Podfile.lock\" \"${PODS_ROOT}/Manifest.lock\" > /dev/null\nif [ $? != 0 ] ; then\n    # print error to STDERR\n    echo \"error: The sandbox is not in sync with the Podfile.lock. Run 'pod install' or update your CocoaPods installation.\" >&2\n    exit 1\nfi\n# This output is used by Xcode 'outputs' to avoid re-running this script phase.\necho \"SUCCESS\" > \"${SCRIPT_OUTPUT_FILE_0}\"\n";
			showEnvVarsInLog = 0;
		};
/* End PBXShellScriptBuildPhase section */

/* Begin PBXSourcesBuildPhase section */
		8D5DD2EC2934FA0100C7A114 /* Sources */ = {
			isa = PBXSourcesBuildPhase;
			buildActionMask = 2147483647;
			files = (
				8DAF4EA52950AC9D00C066AA /* FolderContainer.swift in Sources */,
				8DB22C2229422DD900F629E4 /* RootFoldersView.swift in Sources */,
				8D5DD2F82934FA0100C7A114 /* RootFoldersViewControllerImp.swift in Sources */,
				8D70A1BD293C62A9000AAC24 /* RootViewModel.swift in Sources */,
				8DA550B52936468A00490835 /* RootComponent.swift in Sources */,
				8D70A1BF293C6382000AAC24 /* RootScreenComponent.swift in Sources */,
				8D10D051293F82E30097916B /* Logger.swift in Sources */,
				8D2E005A2940E3B2001EF42C /* AlertWithTextSubject.swift in Sources */,
				8D10D054293F91A30097916B /* FolderTableViewCell.swift in Sources */,
				8D10D057293FA9D70097916B /* RootFolderCellInfo.swift in Sources */,
				8D29A96F2953488300EBF0F1 /* LexicalUnitContainerImp.swift in Sources */,
				8DAF4EA22950A41500C066AA /* CommonView.swift in Sources */,
				8D5DD2F42934FA0100C7A114 /* AppDelegate.swift in Sources */,
				8D5DD2F62934FA0100C7A114 /* SceneDelegate.swift in Sources */,
				8D70A1BB293C610A000AAC24 /* RootRouter.swift in Sources */,
				8DA550BB29364A7000490835 /* Needle.generated.swift in Sources */,
			);
			runOnlyForDeploymentPostprocessing = 0;
		};
/* End PBXSourcesBuildPhase section */

/* Begin PBXVariantGroup section */
		8D5DD2FE2934FA0200C7A114 /* LaunchScreen.storyboard */ = {
			isa = PBXVariantGroup;
			children = (
				8D5DD2FF2934FA0200C7A114 /* Base */,
			);
			name = LaunchScreen.storyboard;
			sourceTree = "<group>";
		};
/* End PBXVariantGroup section */

/* Begin XCBuildConfiguration section */
		8D5DD3022934FA0200C7A114 /* Debug */ = {
			isa = XCBuildConfiguration;
			buildSettings = {
				ALWAYS_SEARCH_USER_PATHS = NO;
				CLANG_ANALYZER_NONNULL = YES;
				CLANG_ANALYZER_NUMBER_OBJECT_CONVERSION = YES_AGGRESSIVE;
				CLANG_CXX_LANGUAGE_STANDARD = "gnu++17";
				CLANG_ENABLE_MODULES = YES;
				CLANG_ENABLE_OBJC_ARC = YES;
				CLANG_ENABLE_OBJC_WEAK = YES;
				CLANG_WARN_BLOCK_CAPTURE_AUTORELEASING = YES;
				CLANG_WARN_BOOL_CONVERSION = YES;
				CLANG_WARN_COMMA = YES;
				CLANG_WARN_CONSTANT_CONVERSION = YES;
				CLANG_WARN_DEPRECATED_OBJC_IMPLEMENTATIONS = YES;
				CLANG_WARN_DIRECT_OBJC_ISA_USAGE = YES_ERROR;
				CLANG_WARN_DOCUMENTATION_COMMENTS = YES;
				CLANG_WARN_EMPTY_BODY = YES;
				CLANG_WARN_ENUM_CONVERSION = YES;
				CLANG_WARN_INFINITE_RECURSION = YES;
				CLANG_WARN_INT_CONVERSION = YES;
				CLANG_WARN_NON_LITERAL_NULL_CONVERSION = YES;
				CLANG_WARN_OBJC_IMPLICIT_RETAIN_SELF = YES;
				CLANG_WARN_OBJC_LITERAL_CONVERSION = YES;
				CLANG_WARN_OBJC_ROOT_CLASS = YES_ERROR;
				CLANG_WARN_QUOTED_INCLUDE_IN_FRAMEWORK_HEADER = YES;
				CLANG_WARN_RANGE_LOOP_ANALYSIS = YES;
				CLANG_WARN_STRICT_PROTOTYPES = YES;
				CLANG_WARN_SUSPICIOUS_MOVE = YES;
				CLANG_WARN_UNGUARDED_AVAILABILITY = YES_AGGRESSIVE;
				CLANG_WARN_UNREACHABLE_CODE = YES;
				CLANG_WARN__DUPLICATE_METHOD_MATCH = YES;
				COPY_PHASE_STRIP = NO;
				DEBUG_INFORMATION_FORMAT = dwarf;
				ENABLE_STRICT_OBJC_MSGSEND = YES;
				ENABLE_TESTABILITY = YES;
				GCC_C_LANGUAGE_STANDARD = gnu11;
				GCC_DYNAMIC_NO_PIC = NO;
				GCC_NO_COMMON_BLOCKS = YES;
				GCC_OPTIMIZATION_LEVEL = 0;
				GCC_PREPROCESSOR_DEFINITIONS = (
					"DEBUG=1",
					"$(inherited)",
				);
				GCC_WARN_64_TO_32_BIT_CONVERSION = YES;
				GCC_WARN_ABOUT_RETURN_TYPE = YES_ERROR;
				GCC_WARN_UNDECLARED_SELECTOR = YES;
				GCC_WARN_UNINITIALIZED_AUTOS = YES_AGGRESSIVE;
				GCC_WARN_UNUSED_FUNCTION = YES;
				GCC_WARN_UNUSED_VARIABLE = YES;
				IPHONEOS_DEPLOYMENT_TARGET = 14;
				MTL_ENABLE_DEBUG_INFO = INCLUDE_SOURCE;
				MTL_FAST_MATH = YES;
				ONLY_ACTIVE_ARCH = YES;
				SDKROOT = iphoneos;
				SWIFT_ACTIVE_COMPILATION_CONDITIONS = DEBUG;
				SWIFT_OPTIMIZATION_LEVEL = "-Onone";
			};
			name = Debug;
		};
		8D5DD3032934FA0200C7A114 /* Release */ = {
			isa = XCBuildConfiguration;
			buildSettings = {
				ALWAYS_SEARCH_USER_PATHS = NO;
				CLANG_ANALYZER_NONNULL = YES;
				CLANG_ANALYZER_NUMBER_OBJECT_CONVERSION = YES_AGGRESSIVE;
				CLANG_CXX_LANGUAGE_STANDARD = "gnu++17";
				CLANG_ENABLE_MODULES = YES;
				CLANG_ENABLE_OBJC_ARC = YES;
				CLANG_ENABLE_OBJC_WEAK = YES;
				CLANG_WARN_BLOCK_CAPTURE_AUTORELEASING = YES;
				CLANG_WARN_BOOL_CONVERSION = YES;
				CLANG_WARN_COMMA = YES;
				CLANG_WARN_CONSTANT_CONVERSION = YES;
				CLANG_WARN_DEPRECATED_OBJC_IMPLEMENTATIONS = YES;
				CLANG_WARN_DIRECT_OBJC_ISA_USAGE = YES_ERROR;
				CLANG_WARN_DOCUMENTATION_COMMENTS = YES;
				CLANG_WARN_EMPTY_BODY = YES;
				CLANG_WARN_ENUM_CONVERSION = YES;
				CLANG_WARN_INFINITE_RECURSION = YES;
				CLANG_WARN_INT_CONVERSION = YES;
				CLANG_WARN_NON_LITERAL_NULL_CONVERSION = YES;
				CLANG_WARN_OBJC_IMPLICIT_RETAIN_SELF = YES;
				CLANG_WARN_OBJC_LITERAL_CONVERSION = YES;
				CLANG_WARN_OBJC_ROOT_CLASS = YES_ERROR;
				CLANG_WARN_QUOTED_INCLUDE_IN_FRAMEWORK_HEADER = YES;
				CLANG_WARN_RANGE_LOOP_ANALYSIS = YES;
				CLANG_WARN_STRICT_PROTOTYPES = YES;
				CLANG_WARN_SUSPICIOUS_MOVE = YES;
				CLANG_WARN_UNGUARDED_AVAILABILITY = YES_AGGRESSIVE;
				CLANG_WARN_UNREACHABLE_CODE = YES;
				CLANG_WARN__DUPLICATE_METHOD_MATCH = YES;
				COPY_PHASE_STRIP = NO;
				DEBUG_INFORMATION_FORMAT = "dwarf-with-dsym";
				ENABLE_NS_ASSERTIONS = NO;
				ENABLE_STRICT_OBJC_MSGSEND = YES;
				GCC_C_LANGUAGE_STANDARD = gnu11;
				GCC_NO_COMMON_BLOCKS = YES;
				GCC_WARN_64_TO_32_BIT_CONVERSION = YES;
				GCC_WARN_ABOUT_RETURN_TYPE = YES_ERROR;
				GCC_WARN_UNDECLARED_SELECTOR = YES;
				GCC_WARN_UNINITIALIZED_AUTOS = YES_AGGRESSIVE;
				GCC_WARN_UNUSED_FUNCTION = YES;
				GCC_WARN_UNUSED_VARIABLE = YES;
				IPHONEOS_DEPLOYMENT_TARGET = 14;
				MTL_ENABLE_DEBUG_INFO = NO;
				MTL_FAST_MATH = YES;
				SDKROOT = iphoneos;
				SWIFT_COMPILATION_MODE = wholemodule;
				SWIFT_OPTIMIZATION_LEVEL = "-O";
				VALIDATE_PRODUCT = YES;
			};
			name = Release;
		};
		8D5DD3052934FA0200C7A114 /* Debug */ = {
			isa = XCBuildConfiguration;
			baseConfigurationReference = C10CF98F55C9DC816049E3D9 /* Pods-iWord.debug.xcconfig */;
			buildSettings = {
				ASSETCATALOG_COMPILER_APPICON_NAME = AppIcon;
				ASSETCATALOG_COMPILER_GLOBAL_ACCENT_COLOR_NAME = AccentColor;
				CODE_SIGN_STYLE = Automatic;
				CURRENT_PROJECT_VERSION = 1;
				DEVELOPMENT_TEAM = 2XVH7P8Y4Z;
				GENERATE_INFOPLIST_FILE = YES;
				INFOPLIST_FILE = iWord/Info.plist;
				INFOPLIST_KEY_UIApplicationSupportsIndirectInputEvents = YES;
				INFOPLIST_KEY_UILaunchStoryboardName = LaunchScreen;
				INFOPLIST_KEY_UISupportedInterfaceOrientations_iPad = "UIInterfaceOrientationPortrait UIInterfaceOrientationPortraitUpsideDown UIInterfaceOrientationLandscapeLeft UIInterfaceOrientationLandscapeRight";
				INFOPLIST_KEY_UISupportedInterfaceOrientations_iPhone = "UIInterfaceOrientationPortrait UIInterfaceOrientationLandscapeLeft UIInterfaceOrientationLandscapeRight";
				LD_RUNPATH_SEARCH_PATHS = (
					"$(inherited)",
					"@executable_path/Frameworks",
				);
				MARKETING_VERSION = 1.0;
				PRODUCT_BUNDLE_IDENTIFIER = None.iWord;
				PRODUCT_NAME = "$(TARGET_NAME)";
				SWIFT_EMIT_LOC_STRINGS = YES;
				SWIFT_VERSION = 5.0;
				TARGETED_DEVICE_FAMILY = "1,2";
			};
			name = Debug;
		};
		8D5DD3062934FA0200C7A114 /* Release */ = {
			isa = XCBuildConfiguration;
			baseConfigurationReference = B2556DF9D39502BE77250C55 /* Pods-iWord.release.xcconfig */;
			buildSettings = {
				ASSETCATALOG_COMPILER_APPICON_NAME = AppIcon;
				ASSETCATALOG_COMPILER_GLOBAL_ACCENT_COLOR_NAME = AccentColor;
				CODE_SIGN_STYLE = Automatic;
				CURRENT_PROJECT_VERSION = 1;
				DEVELOPMENT_TEAM = 2XVH7P8Y4Z;
				GENERATE_INFOPLIST_FILE = YES;
				INFOPLIST_FILE = iWord/Info.plist;
				INFOPLIST_KEY_UIApplicationSupportsIndirectInputEvents = YES;
				INFOPLIST_KEY_UILaunchStoryboardName = LaunchScreen;
				INFOPLIST_KEY_UISupportedInterfaceOrientations_iPad = "UIInterfaceOrientationPortrait UIInterfaceOrientationPortraitUpsideDown UIInterfaceOrientationLandscapeLeft UIInterfaceOrientationLandscapeRight";
				INFOPLIST_KEY_UISupportedInterfaceOrientations_iPhone = "UIInterfaceOrientationPortrait UIInterfaceOrientationLandscapeLeft UIInterfaceOrientationLandscapeRight";
				LD_RUNPATH_SEARCH_PATHS = (
					"$(inherited)",
					"@executable_path/Frameworks",
				);
				MARKETING_VERSION = 1.0;
				PRODUCT_BUNDLE_IDENTIFIER = None.iWord;
				PRODUCT_NAME = "$(TARGET_NAME)";
				SWIFT_EMIT_LOC_STRINGS = YES;
				SWIFT_VERSION = 5.0;
				TARGETED_DEVICE_FAMILY = "1,2";
			};
			name = Release;
		};
/* End XCBuildConfiguration section */

/* Begin XCConfigurationList section */
		8D5DD2EB2934FA0100C7A114 /* Build configuration list for PBXProject "iWord" */ = {
			isa = XCConfigurationList;
			buildConfigurations = (
				8D5DD3022934FA0200C7A114 /* Debug */,
				8D5DD3032934FA0200C7A114 /* Release */,
			);
			defaultConfigurationIsVisible = 0;
			defaultConfigurationName = Release;
		};
		8D5DD3042934FA0200C7A114 /* Build configuration list for PBXNativeTarget "iWord" */ = {
			isa = XCConfigurationList;
			buildConfigurations = (
				8D5DD3052934FA0200C7A114 /* Debug */,
				8D5DD3062934FA0200C7A114 /* Release */,
			);
			defaultConfigurationIsVisible = 0;
			defaultConfigurationName = Release;
		};
/* End XCConfigurationList section */
	};
	rootObject = 8D5DD2E82934FA0100C7A114 /* Project object */;
}
